
Microsoft Visual Studio Solution File, Format Version 12.00
# Visual Studio 15
VisualStudioVersion = 15.0.27703.2026
MinimumVisualStudioVersion = 10.0.40219.1
Project("{FAE04EC0-301F-11D3-BF4B-00C04F79EFBC}") = "ConsoleApp4", "ConsoleApp4.csproj", "{CBA85213-C010-49D3-B6CD-E033A27B1A1C}"
EndProject
Global
	GlobalSection(SolutionConfigurationPlatforms) = preSolution
		Debug|Any CPU = Debug|Any CPU
		Release|Any CPU = Release|Any CPU
	EndGlobalSection
	GlobalSection(ProjectConfigurationPlatforms) = postSolution
		{CBA85213-C010-49D3-B6CD-E033A27B1A1C}.Debug|Any CPU.ActiveCfg = Debug|Any CPU
		{CBA85213-C010-49D3-B6CD-E033A27B1A1C}.Debug|Any CPU.Build.0 = Debug|Any CPU
		{CBA85213-C010-49D3-B6CD-E033A27B1A1C}.Release|Any CPU.ActiveCfg = Release|Any CPU
		{CBA85213-C010-49D3-B6CD-E033A27B1A1C}.Release|Any CPU.Build.0 = Release|Any CPU
	EndGlobalSection
	GlobalSection(SolutionProperties) = preSolution
		HideSolutionNode = FALSE
	EndGlobalSection
	GlobalSection(ExtensibilityGlobals) = postSolution
		SolutionGuid = {5F309C29-230F-423E-9C84-4C3B7F28C80F}
	EndGlobalSection
EndGlobal
